// !$*UTF8*$!
{
	archiveVersion = 1;
	classes = {
	};
	objectVersion = 55;
	objects = {

/* Begin PBXBuildFile section */
		C1E7D46828380ADF0070591C /* CombineDemoApp.swift in Sources */ = {isa = PBXBuildFile; fileRef = C1E7D46728380ADF0070591C /* CombineDemoApp.swift */; };
		C1E7D46A28380ADF0070591C /* MoviesView.swift in Sources */ = {isa = PBXBuildFile; fileRef = C1E7D46928380ADF0070591C /* MoviesView.swift */; };
		C1E7D46C28380AE20070591C /* Assets.xcassets in Resources */ = {isa = PBXBuildFile; fileRef = C1E7D46B28380AE20070591C /* Assets.xcassets */; };
		C1E7D46F28380AE20070591C /* Preview Assets.xcassets in Resources */ = {isa = PBXBuildFile; fileRef = C1E7D46E28380AE20070591C /* Preview Assets.xcassets */; };
		C1E7D47928380AE20070591C /* CombineDemoTests.swift in Sources */ = {isa = PBXBuildFile; fileRef = C1E7D47828380AE20070591C /* CombineDemoTests.swift */; };
		C1E7D48328380AE20070591C /* CombineDemoUITests.swift in Sources */ = {isa = PBXBuildFile; fileRef = C1E7D48228380AE20070591C /* CombineDemoUITests.swift */; };
		C1E7D48528380AE20070591C /* CombineDemoUITestsLaunchTests.swift in Sources */ = {isa = PBXBuildFile; fileRef = C1E7D48428380AE20070591C /* CombineDemoUITestsLaunchTests.swift */; };
		C1E7D4922838190C0070591C /* MovieResponse.swift in Sources */ = {isa = PBXBuildFile; fileRef = C1E7D4912838190C0070591C /* MovieResponse.swift */; };
		C1E7D4932838190C0070591C /* MovieResponse.swift in Sources */ = {isa = PBXBuildFile; fileRef = C1E7D4912838190C0070591C /* MovieResponse.swift */; };
		C1E7D4942838190C0070591C /* MovieResponse.swift in Sources */ = {isa = PBXBuildFile; fileRef = C1E7D4912838190C0070591C /* MovieResponse.swift */; };
		C1E7D496283819310070591C /* Movie.swift in Sources */ = {isa = PBXBuildFile; fileRef = C1E7D495283819310070591C /* Movie.swift */; };
		C1E7D497283819310070591C /* Movie.swift in Sources */ = {isa = PBXBuildFile; fileRef = C1E7D495283819310070591C /* Movie.swift */; };
		C1E7D498283819310070591C /* Movie.swift in Sources */ = {isa = PBXBuildFile; fileRef = C1E7D495283819310070591C /* Movie.swift */; };
		C1E7D49A28381AC80070591C /* MovieViewModel.swift in Sources */ = {isa = PBXBuildFile; fileRef = C1E7D49928381AC80070591C /* MovieViewModel.swift */; };
		C1E7D49B28381AC80070591C /* MovieViewModel.swift in Sources */ = {isa = PBXBuildFile; fileRef = C1E7D49928381AC80070591C /* MovieViewModel.swift */; };
		C1E7D49C28381AC80070591C /* MovieViewModel.swift in Sources */ = {isa = PBXBuildFile; fileRef = C1E7D49928381AC80070591C /* MovieViewModel.swift */; };
		C1E7D49E28381B400070591C /* APIClient.swift in Sources */ = {isa = PBXBuildFile; fileRef = C1E7D49D28381B400070591C /* APIClient.swift */; };
		C1E7D49F28381B400070591C /* APIClient.swift in Sources */ = {isa = PBXBuildFile; fileRef = C1E7D49D28381B400070591C /* APIClient.swift */; };
		C1E7D4A028381B400070591C /* APIClient.swift in Sources */ = {isa = PBXBuildFile; fileRef = C1E7D49D28381B400070591C /* APIClient.swift */; };
		C1E7D4A228381CA20070591C /* MovieDBAPI.swift in Sources */ = {isa = PBXBuildFile; fileRef = C1E7D4A128381CA20070591C /* MovieDBAPI.swift */; };
		C1E7D4A328381CA20070591C /* MovieDBAPI.swift in Sources */ = {isa = PBXBuildFile; fileRef = C1E7D4A128381CA20070591C /* MovieDBAPI.swift */; };
		C1E7D4A428381CA20070591C /* MovieDBAPI.swift in Sources */ = {isa = PBXBuildFile; fileRef = C1E7D4A128381CA20070591C /* MovieDBAPI.swift */; };
/* End PBXBuildFile section */

/* Begin PBXContainerItemProxy section */
		C1E7D47528380AE20070591C /* PBXContainerItemProxy */ = {
			isa = PBXContainerItemProxy;
			containerPortal = C1E7D45C28380ADF0070591C /* Project object */;
			proxyType = 1;
			remoteGlobalIDString = C1E7D46328380ADF0070591C;
			remoteInfo = CombineDemo;
		};
		C1E7D47F28380AE20070591C /* PBXContainerItemProxy */ = {
			isa = PBXContainerItemProxy;
			containerPortal = C1E7D45C28380ADF0070591C /* Project object */;
			proxyType = 1;
			remoteGlobalIDString = C1E7D46328380ADF0070591C;
			remoteInfo = CombineDemo;
		};
/* End PBXContainerItemProxy section */

/* Begin PBXFileReference section */
		C1E7D46428380ADF0070591C /* CombineDemo.app */ = {isa = PBXFileReference; explicitFileType = wrapper.application; includeInIndex = 0; path = CombineDemo.app; sourceTree = BUILT_PRODUCTS_DIR; };
		C1E7D46728380ADF0070591C /* CombineDemoApp.swift */ = {isa = PBXFileReference; lastKnownFileType = sourcecode.swift; path = CombineDemoApp.swift; sourceTree = "<group>"; };
		C1E7D46928380ADF0070591C /* MoviesView.swift */ = {isa = PBXFileReference; lastKnownFileType = sourcecode.swift; path = MoviesView.swift; sourceTree = "<group>"; };
		C1E7D46B28380AE20070591C /* Assets.xcassets */ = {isa = PBXFileReference; lastKnownFileType = folder.assetcatalog; path = Assets.xcassets; sourceTree = "<group>"; };
		C1E7D46E28380AE20070591C /* Preview Assets.xcassets */ = {isa = PBXFileReference; lastKnownFileType = folder.assetcatalog; path = "Preview Assets.xcassets"; sourceTree = "<group>"; };
		C1E7D47428380AE20070591C /* CombineDemoTests.xctest */ = {isa = PBXFileReference; explicitFileType = wrapper.cfbundle; includeInIndex = 0; path = CombineDemoTests.xctest; sourceTree = BUILT_PRODUCTS_DIR; };
		C1E7D47828380AE20070591C /* CombineDemoTests.swift */ = {isa = PBXFileReference; lastKnownFileType = sourcecode.swift; path = CombineDemoTests.swift; sourceTree = "<group>"; };
		C1E7D47E28380AE20070591C /* CombineDemoUITests.xctest */ = {isa = PBXFileReference; explicitFileType = wrapper.cfbundle; includeInIndex = 0; path = CombineDemoUITests.xctest; sourceTree = BUILT_PRODUCTS_DIR; };
		C1E7D48228380AE20070591C /* CombineDemoUITests.swift */ = {isa = PBXFileReference; lastKnownFileType = sourcecode.swift; path = CombineDemoUITests.swift; sourceTree = "<group>"; };
		C1E7D48428380AE20070591C /* CombineDemoUITestsLaunchTests.swift */ = {isa = PBXFileReference; lastKnownFileType = sourcecode.swift; path = CombineDemoUITestsLaunchTests.swift; sourceTree = "<group>"; };
		C1E7D4912838190C0070591C /* MovieResponse.swift */ = {isa = PBXFileReference; lastKnownFileType = sourcecode.swift; path = MovieResponse.swift; sourceTree = "<group>"; };
		C1E7D495283819310070591C /* Movie.swift */ = {isa = PBXFileReference; lastKnownFileType = sourcecode.swift; path = Movie.swift; sourceTree = "<group>"; };
		C1E7D49928381AC80070591C /* MovieViewModel.swift */ = {isa = PBXFileReference; lastKnownFileType = sourcecode.swift; path = MovieViewModel.swift; sourceTree = "<group>"; };
		C1E7D49D28381B400070591C /* APIClient.swift */ = {isa = PBXFileReference; lastKnownFileType = sourcecode.swift; path = APIClient.swift; sourceTree = "<group>"; };
		C1E7D4A128381CA20070591C /* MovieDBAPI.swift */ = {isa = PBXFileReference; lastKnownFileType = sourcecode.swift; path = MovieDBAPI.swift; sourceTree = "<group>"; };
/* End PBXFileReference section */

/* Begin PBXFrameworksBuildPhase section */
		C1E7D46128380ADF0070591C /* Frameworks */ = {
			isa = PBXFrameworksBuildPhase;
			buildActionMask = 2147483647;
			files = (
			);
			runOnlyForDeploymentPostprocessing = 0;
		};
		C1E7D47128380AE20070591C /* Frameworks */ = {
			isa = PBXFrameworksBuildPhase;
			buildActionMask = 2147483647;
			files = (
			);
			runOnlyForDeploymentPostprocessing = 0;
		};
		C1E7D47B28380AE20070591C /* Frameworks */ = {
			isa = PBXFrameworksBuildPhase;
			buildActionMask = 2147483647;
			files = (
			);
			runOnlyForDeploymentPostprocessing = 0;
		};
/* End PBXFrameworksBuildPhase section */

/* Begin PBXGroup section */
		C1E7D45B28380ADF0070591C = {
			isa = PBXGroup;
			children = (
				C1E7D46628380ADF0070591C /* CombineDemo */,
				C1E7D47728380AE20070591C /* CombineDemoTests */,
				C1E7D48128380AE20070591C /* CombineDemoUITests */,
				C1E7D46528380ADF0070591C /* Products */,
			);
			sourceTree = "<group>";
		};
		C1E7D46528380ADF0070591C /* Products */ = {
			isa = PBXGroup;
			children = (
				C1E7D46428380ADF0070591C /* CombineDemo.app */,
				C1E7D47428380AE20070591C /* CombineDemoTests.xctest */,
				C1E7D47E28380AE20070591C /* CombineDemoUITests.xctest */,
			);
			name = Products;
			sourceTree = "<group>";
		};
		C1E7D46628380ADF0070591C /* CombineDemo */ = {
			isa = PBXGroup;
			children = (
				C1E7D46728380ADF0070591C /* CombineDemoApp.swift */,
				C1E7D46928380ADF0070591C /* MoviesView.swift */,
				C1E7D4912838190C0070591C /* MovieResponse.swift */,
				C1E7D495283819310070591C /* Movie.swift */,
				C1E7D49928381AC80070591C /* MovieViewModel.swift */,
				C1E7D4A128381CA20070591C /* MovieDBAPI.swift */,
				C1E7D49D28381B400070591C /* APIClient.swift */,
				C1E7D46B28380AE20070591C /* Assets.xcassets */,
				C1E7D46D28380AE20070591C /* Preview Content */,
			);
			path = CombineDemo;
			sourceTree = "<group>";
		};
		C1E7D46D28380AE20070591C /* Preview Content */ = {
			isa = PBXGroup;
			children = (
				C1E7D46E28380AE20070591C /* Preview Assets.xcassets */,
			);
			path = "Preview Content";
			sourceTree = "<group>";
		};
		C1E7D47728380AE20070591C /* CombineDemoTests */ = {
			isa = PBXGroup;
			children = (
				C1E7D47828380AE20070591C /* CombineDemoTests.swift */,
			);
			path = CombineDemoTests;
			sourceTree = "<group>";
		};
		C1E7D48128380AE20070591C /* CombineDemoUITests */ = {
			isa = PBXGroup;
			children = (
				C1E7D48228380AE20070591C /* CombineDemoUITests.swift */,
				C1E7D48428380AE20070591C /* CombineDemoUITestsLaunchTests.swift */,
			);
			path = CombineDemoUITests;
			sourceTree = "<group>";
		};
/* End PBXGroup section */

/* Begin PBXNativeTarget section */
		C1E7D46328380ADF0070591C /* CombineDemo */ = {
			isa = PBXNativeTarget;
			buildConfigurationList = C1E7D48828380AE20070591C /* Build configuration list for PBXNativeTarget "CombineDemo" */;
			buildPhases = (
				C1E7D46028380ADF0070591C /* Sources */,
				C1E7D46128380ADF0070591C /* Frameworks */,
				C1E7D46228380ADF0070591C /* Resources */,
			);
			buildRules = (
			);
			dependencies = (
			);
			name = CombineDemo;
			productName = CombineDemo;
			productReference = C1E7D46428380ADF0070591C /* CombineDemo.app */;
			productType = "com.apple.product-type.application";
		};
		C1E7D47328380AE20070591C /* CombineDemoTests */ = {
			isa = PBXNativeTarget;
			buildConfigurationList = C1E7D48B28380AE20070591C /* Build configuration list for PBXNativeTarget "CombineDemoTests" */;
			buildPhases = (
				C1E7D47028380AE20070591C /* Sources */,
				C1E7D47128380AE20070591C /* Frameworks */,
				C1E7D47228380AE20070591C /* Resources */,
			);
			buildRules = (
			);
			dependencies = (
				C1E7D47628380AE20070591C /* PBXTargetDependency */,
			);
			name = CombineDemoTests;
			productName = CombineDemoTests;
			productReference = C1E7D47428380AE20070591C /* CombineDemoTests.xctest */;
			productType = "com.apple.product-type.bundle.unit-test";
		};
		C1E7D47D28380AE20070591C /* CombineDemoUITests */ = {
			isa = PBXNativeTarget;
			buildConfigurationList = C1E7D48E28380AE20070591C /* Build configuration list for PBXNativeTarget "CombineDemoUITests" */;
			buildPhases = (
				C1E7D47A28380AE20070591C /* Sources */,
				C1E7D47B28380AE20070591C /* Frameworks */,
				C1E7D47C28380AE20070591C /* Resources */,
			);
			buildRules = (
			);
			dependencies = (
				C1E7D48028380AE20070591C /* PBXTargetDependency */,
			);
			name = CombineDemoUITests;
			productName = CombineDemoUITests;
			productReference = C1E7D47E28380AE20070591C /* CombineDemoUITests.xctest */;
			productType = "com.apple.product-type.bundle.ui-testing";
		};
/* End PBXNativeTarget section */

/* Begin PBXProject section */
		C1E7D45C28380ADF0070591C /* Project object */ = {
			isa = PBXProject;
			attributes = {
				BuildIndependentTargetsInParallel = 1;
				LastSwiftUpdateCheck = 1320;
				LastUpgradeCheck = 1320;
				TargetAttributes = {
					C1E7D46328380ADF0070591C = {
						CreatedOnToolsVersion = 13.2.1;
					};
					C1E7D47328380AE20070591C = {
						CreatedOnToolsVersion = 13.2.1;
						TestTargetID = C1E7D46328380ADF0070591C;
					};
					C1E7D47D28380AE20070591C = {
						CreatedOnToolsVersion = 13.2.1;
						TestTargetID = C1E7D46328380ADF0070591C;
					};
				};
			};
			buildConfigurationList = C1E7D45F28380ADF0070591C /* Build configuration list for PBXProject "CombineDemo" */;
			compatibilityVersion = "Xcode 13.0";
			developmentRegion = en;
			hasScannedForEncodings = 0;
			knownRegions = (
				en,
				Base,
			);
			mainGroup = C1E7D45B28380ADF0070591C;
			productRefGroup = C1E7D46528380ADF0070591C /* Products */;
			projectDirPath = "";
			projectRoot = "";
			targets = (
				C1E7D46328380ADF0070591C /* CombineDemo */,
				C1E7D47328380AE20070591C /* CombineDemoTests */,
				C1E7D47D28380AE20070591C /* CombineDemoUITests */,
			);
		};
/* End PBXProject section */

/* Begin PBXResourcesBuildPhase section */
		C1E7D46228380ADF0070591C /* Resources */ = {
			isa = PBXResourcesBuildPhase;
			buildActionMask = 2147483647;
			files = (
				C1E7D46F28380AE20070591C /* Preview Assets.xcassets in Resources */,
				C1E7D46C28380AE20070591C /* Assets.xcassets in Resources */,
			);
			runOnlyForDeploymentPostprocessing = 0;
		};
		C1E7D47228380AE20070591C /* Resources */ = {
			isa = PBXResourcesBuildPhase;
			buildActionMask = 2147483647;
			files = (
			);
			runOnlyForDeploymentPostprocessing = 0;
		};
		C1E7D47C28380AE20070591C /* Resources */ = {
			isa = PBXResourcesBuildPhase;
			buildActionMask = 2147483647;
			files = (
			);
			runOnlyForDeploymentPostprocessing = 0;
		};
/* End PBXResourcesBuildPhase section */

/* Begin PBXSourcesBuildPhase section */
		C1E7D46028380ADF0070591C /* Sources */ = {
			isa = PBXSourcesBuildPhase;
			buildActionMask = 2147483647;
			files = (
				C1E7D4922838190C0070591C /* MovieResponse.swift in Sources */,
				C1E7D49A28381AC80070591C /* MovieViewModel.swift in Sources */,
				C1E7D46A28380ADF0070591C /* MoviesView.swift in Sources */,
				C1E7D496283819310070591C /* Movie.swift in Sources */,
				C1E7D46828380ADF0070591C /* CombineDemoApp.swift in Sources */,
				C1E7D4A228381CA20070591C /* MovieDBAPI.swift in Sources */,
				C1E7D49E28381B400070591C /* APIClient.swift in Sources */,
			);
			runOnlyForDeploymentPostprocessing = 0;
		};
		C1E7D47028380AE20070591C /* Sources */ = {
			isa = PBXSourcesBuildPhase;
			buildActionMask = 2147483647;
			files = (
				C1E7D47928380AE20070591C /* CombineDemoTests.swift in Sources */,
				C1E7D4932838190C0070591C /* MovieResponse.swift in Sources */,
				C1E7D497283819310070591C /* Movie.swift in Sources */,
				C1E7D4A328381CA20070591C /* MovieDBAPI.swift in Sources */,
				C1E7D49F28381B400070591C /* APIClient.swift in Sources */,
				C1E7D49B28381AC80070591C /* MovieViewModel.swift in Sources */,
			);
			runOnlyForDeploymentPostprocessing = 0;
		};
		C1E7D47A28380AE20070591C /* Sources */ = {
			isa = PBXSourcesBuildPhase;
			buildActionMask = 2147483647;
			files = (
				C1E7D4942838190C0070591C /* MovieResponse.swift in Sources */,
				C1E7D49C28381AC80070591C /* MovieViewModel.swift in Sources */,
				C1E7D48328380AE20070591C /* CombineDemoUITests.swift in Sources */,
				C1E7D498283819310070591C /* Movie.swift in Sources */,
				C1E7D48528380AE20070591C /* CombineDemoUITestsLaunchTests.swift in Sources */,
				C1E7D4A428381CA20070591C /* MovieDBAPI.swift in Sources */,
				C1E7D4A028381B400070591C /* APIClient.swift in Sources */,
			);
			runOnlyForDeploymentPostprocessing = 0;
		};
/* End PBXSourcesBuildPhase section */

/* Begin PBXTargetDependency section */
		C1E7D47628380AE20070591C /* PBXTargetDependency */ = {
			isa = PBXTargetDependency;
			target = C1E7D46328380ADF0070591C /* CombineDemo */;
			targetProxy = C1E7D47528380AE20070591C /* PBXContainerItemProxy */;
		};
		C1E7D48028380AE20070591C /* PBXTargetDependency */ = {
			isa = PBXTargetDependency;
			target = C1E7D46328380ADF0070591C /* CombineDemo */;
			targetProxy = C1E7D47F28380AE20070591C /* PBXContainerItemProxy */;
		};
/* End PBXTargetDependency section */

/* Begin XCBuildConfiguration section */
		C1E7D48628380AE20070591C /* Debug */ = {
			isa = XCBuildConfiguration;
			buildSettings = {
				ALWAYS_SEARCH_USER_PATHS = NO;
				CLANG_ANALYZER_NONNULL = YES;
				CLANG_ANALYZER_NUMBER_OBJECT_CONVERSION = YES_AGGRESSIVE;
				CLANG_CXX_LANGUAGE_STANDARD = "gnu++17";
				CLANG_CXX_LIBRARY = "libc++";
				CLANG_ENABLE_MODULES = YES;
				CLANG_ENABLE_OBJC_ARC = YES;
				CLANG_ENABLE_OBJC_WEAK = YES;
				CLANG_WARN_BLOCK_CAPTURE_AUTORELEASING = YES;
				CLANG_WARN_BOOL_CONVERSION = YES;
				CLANG_WARN_COMMA = YES;
				CLANG_WARN_CONSTANT_CONVERSION = YES;
				CLANG_WARN_DEPRECATED_OBJC_IMPLEMENTATIONS = YES;
				CLANG_WARN_DIRECT_OBJC_ISA_USAGE = YES_ERROR;
				CLANG_WARN_DOCUMENTATION_COMMENTS = YES;
				CLANG_WARN_EMPTY_BODY = YES;
				CLANG_WARN_ENUM_CONVERSION = YES;
				CLANG_WARN_INFINITE_RECURSION = YES;
				CLANG_WARN_INT_CONVERSION = YES;
				CLANG_WARN_NON_LITERAL_NULL_CONVERSION = YES;
				CLANG_WARN_OBJC_IMPLICIT_RETAIN_SELF = YES;
				CLANG_WARN_OBJC_LITERAL_CONVERSION = YES;
				CLANG_WARN_OBJC_ROOT_CLASS = YES_ERROR;
				CLANG_WARN_QUOTED_INCLUDE_IN_FRAMEWORK_HEADER = YES;
				CLANG_WARN_RANGE_LOOP_ANALYSIS = YES;
				CLANG_WARN_STRICT_PROTOTYPES = YES;
				CLANG_WARN_SUSPICIOUS_MOVE = YES;
				CLANG_WARN_UNGUARDED_AVAILABILITY = YES_AGGRESSIVE;
				CLANG_WARN_UNREACHABLE_CODE = YES;
				CLANG_WARN__DUPLICATE_METHOD_MATCH = YES;
				COPY_PHASE_STRIP = NO;
				DEBUG_INFORMATION_FORMAT = dwarf;
				ENABLE_STRICT_OBJC_MSGSEND = YES;
				ENABLE_TESTABILITY = YES;
				GCC_C_LANGUAGE_STANDARD = gnu11;
				GCC_DYNAMIC_NO_PIC = NO;
				GCC_NO_COMMON_BLOCKS = YES;
				GCC_OPTIMIZATION_LEVEL = 0;
				GCC_PREPROCESSOR_DEFINITIONS = (
					"DEBUG=1",
					"$(inherited)",
				);
				GCC_WARN_64_TO_32_BIT_CONVERSION = YES;
				GCC_WARN_ABOUT_RETURN_TYPE = YES_ERROR;
				GCC_WARN_UNDECLARED_SELECTOR = YES;
				GCC_WARN_UNINITIALIZED_AUTOS = YES_AGGRESSIVE;
				GCC_WARN_UNUSED_FUNCTION = YES;
				GCC_WARN_UNUSED_VARIABLE = YES;
				IPHONEOS_DEPLOYMENT_TARGET = 15.2;
				MTL_ENABLE_DEBUG_INFO = INCLUDE_SOURCE;
				MTL_FAST_MATH = YES;
				ONLY_ACTIVE_ARCH = YES;
				SDKROOT = iphoneos;
				SWIFT_ACTIVE_COMPILATION_CONDITIONS = DEBUG;
				SWIFT_OPTIMIZATION_LEVEL = "-Onone";
			};
			name = Debug;
		};
		C1E7D48728380AE20070591C /* Release */ = {
			isa = XCBuildConfiguration;
			buildSettings = {
				ALWAYS_SEARCH_USER_PATHS = NO;
				CLANG_ANALYZER_NONNULL = YES;
				CLANG_ANALYZER_NUMBER_OBJECT_CONVERSION = YES_AGGRESSIVE;
				CLANG_CXX_LANGUAGE_STANDARD = "gnu++17";
				CLANG_CXX_LIBRARY = "libc++";
				CLANG_ENABLE_MODULES = YES;
				CLANG_ENABLE_OBJC_ARC = YES;
				CLANG_ENABLE_OBJC_WEAK = YES;
				CLANG_WARN_BLOCK_CAPTURE_AUTORELEASING = YES;
				CLANG_WARN_BOOL_CONVERSION = YES;
				CLANG_WARN_COMMA = YES;
				CLANG_WARN_CONSTANT_CONVERSION = YES;
				CLANG_WARN_DEPRECATED_OBJC_IMPLEMENTATIONS = YES;
				CLANG_WARN_DIRECT_OBJC_ISA_USAGE = YES_ERROR;
				CLANG_WARN_DOCUMENTATION_COMMENTS = YES;
				CLANG_WARN_EMPTY_BODY = YES;
				CLANG_WARN_ENUM_CONVERSION = YES;
				CLANG_WARN_INFINITE_RECURSION = YES;
				CLANG_WARN_INT_CONVERSION = YES;
				CLANG_WARN_NON_LITERAL_NULL_CONVERSION = YES;
				CLANG_WARN_OBJC_IMPLICIT_RETAIN_SELF = YES;
				CLANG_WARN_OBJC_LITERAL_CONVERSION = YES;
				CLANG_WARN_OBJC_ROOT_CLASS = YES_ERROR;
				CLANG_WARN_QUOTED_INCLUDE_IN_FRAMEWORK_HEADER = YES;
				CLANG_WARN_RANGE_LOOP_ANALYSIS = YES;
				CLANG_WARN_STRICT_PROTOTYPES = YES;
				CLANG_WARN_SUSPICIOUS_MOVE = YES;
				CLANG_WARN_UNGUARDED_AVAILABILITY = YES_AGGRESSIVE;
				CLANG_WARN_UNREACHABLE_CODE = YES;
				CLANG_WARN__DUPLICATE_METHOD_MATCH = YES;
				COPY_PHASE_STRIP = NO;
				DEBUG_INFORMATION_FORMAT = "dwarf-with-dsym";
				ENABLE_NS_ASSERTIONS = NO;
				ENABLE_STRICT_OBJC_MSGSEND = YES;
				GCC_C_LANGUAGE_STANDARD = gnu11;
				GCC_NO_COMMON_BLOCKS = YES;
				GCC_WARN_64_TO_32_BIT_CONVERSION = YES;
				GCC_WARN_ABOUT_RETURN_TYPE = YES_ERROR;
				GCC_WARN_UNDECLARED_SELECTOR = YES;
				GCC_WARN_UNINITIALIZED_AUTOS = YES_AGGRESSIVE;
				GCC_WARN_UNUSED_FUNCTION = YES;
				GCC_WARN_UNUSED_VARIABLE = YES;
				IPHONEOS_DEPLOYMENT_TARGET = 15.2;
				MTL_ENABLE_DEBUG_INFO = NO;
				MTL_FAST_MATH = YES;
				SDKROOT = iphoneos;
				SWIFT_COMPILATION_MODE = wholemodule;
				SWIFT_OPTIMIZATION_LEVEL = "-O";
				VALIDATE_PRODUCT = YES;
			};
			name = Release;
		};
		C1E7D48928380AE20070591C /* Debug */ = {
			isa = XCBuildConfiguration;
			buildSettings = {
				ASSETCATALOG_COMPILER_APPICON_NAME = AppIcon;
				ASSETCATALOG_COMPILER_GLOBAL_ACCENT_COLOR_NAME = AccentColor;
				CODE_SIGN_STYLE = Automatic;
				CURRENT_PROJECT_VERSION = 1;
				DEVELOPMENT_ASSET_PATHS = "\"CombineDemo/Preview Content\"";
				DEVELOPMENT_TEAM = SRBQ5SCF5X;
				ENABLE_PREVIEWS = YES;
				GENERATE_INFOPLIST_FILE = YES;
				INFOPLIST_KEY_UIApplicationSceneManifest_Generation = YES;
				INFOPLIST_KEY_UIApplicationSupportsIndirectInputEvents = YES;
				INFOPLIST_KEY_UILaunchScreen_Generation = YES;
				INFOPLIST_KEY_UISupportedInterfaceOrientations_iPad = "UIInterfaceOrientationPortrait UIInterfaceOrientationPortraitUpsideDown UIInterfaceOrientationLandscapeLeft UIInterfaceOrientationLandscapeRight";
				INFOPLIST_KEY_UISupportedInterfaceOrientations_iPhone = "UIInterfaceOrientationPortrait UIInterfaceOrientationLandscapeLeft UIInterfaceOrientationLandscapeRight";
				LD_RUNPATH_SEARCH_PATHS = (
					"$(inherited)",
					"@executable_path/Frameworks",
				);
				MARKETING_VERSION = 1.0;
				PRODUCT_BUNDLE_IDENTIFIER = com.njligames.CombineDemo;
				PRODUCT_NAME = "$(TARGET_NAME)";
				SWIFT_EMIT_LOC_STRINGS = YES;
				SWIFT_VERSION = 5.0;
				TARGETED_DEVICE_FAMILY = "1,2";
			};
			name = Debug;
		};
		C1E7D48A28380AE20070591C /* Release */ = {
			isa = XCBuildConfiguration;
			buildSettings = {
				ASSETCATALOG_COMPILER_APPICON_NAME = AppIcon;
				ASSETCATALOG_COMPILER_GLOBAL_ACCENT_COLOR_NAME = AccentColor;
				CODE_SIGN_STYLE = Automatic;
				CURRENT_PROJECT_VERSION = 1;
				DEVELOPMENT_ASSET_PATHS = "\"CombineDemo/Preview Content\"";
				DEVELOPMENT_TEAM = SRBQ5SCF5X;
				ENABLE_PREVIEWS = YES;
				GENERATE_INFOPLIST_FILE = YES;
				INFOPLIST_KEY_UIApplicationSceneManifest_Generation = YES;
				INFOPLIST_KEY_UIApplicationSupportsIndirectInputEvents = YES;
				INFOPLIST_KEY_UILaunchScreen_Generation = YES;
				INFOPLIST_KEY_UISupportedInterfaceOrientations_iPad = "UIInterfaceOrientationPortrait UIInterfaceOrientationPortraitUpsideDown UIInterfaceOrientationLandscapeLeft UIInterfaceOrientationLandscapeRight";
				INFOPLIST_KEY_UISupportedInterfaceOrientations_iPhone = "UIInterfaceOrientationPortrait UIInterfaceOrientationLandscapeLeft UIInterfaceOrientationLandscapeRight";
				LD_RUNPATH_SEARCH_PATHS = (
					"$(inherited)",
					"@executable_path/Frameworks",
				);
				MARKETING_VERSION = 1.0;
				PRODUCT_BUNDLE_IDENTIFIER = com.njligames.CombineDemo;
				PRODUCT_NAME = "$(TARGET_NAME)";
				SWIFT_EMIT_LOC_STRINGS = YES;
				SWIFT_VERSION = 5.0;
				TARGETED_DEVICE_FAMILY = "1,2";
			};
			name = Release;
		};
		C1E7D48C28380AE20070591C /* Debug */ = {
			isa = XCBuildConfiguration;
			buildSettings = {
				ALWAYS_EMBED_SWIFT_STANDARD_LIBRARIES = YES;
				BUNDLE_LOADER = "$(TEST_HOST)";
				CODE_SIGN_STYLE = Automatic;
				CURRENT_PROJECT_VERSION = 1;
				DEVELOPMENT_TEAM = SRBQ5SCF5X;
				GENERATE_INFOPLIST_FILE = YES;
				IPHONEOS_DEPLOYMENT_TARGET = 15.2;
				MARKETING_VERSION = 1.0;
				PRODUCT_BUNDLE_IDENTIFIER = com.njligames.CombineDemoTests;
				PRODUCT_NAME = "$(TARGET_NAME)";
				SWIFT_EMIT_LOC_STRINGS = NO;
				SWIFT_VERSION = 5.0;
				TARGETED_DEVICE_FAMILY = "1,2";
				TEST_HOST = "$(BUILT_PRODUCTS_DIR)/CombineDemo.app/CombineDemo";
			};
			name = Debug;
		};
		C1E7D48D28380AE20070591C /* Release */ = {
			isa = XCBuildConfiguration;
			buildSettings = {
				ALWAYS_EMBED_SWIFT_STANDARD_LIBRARIES = YES;
				BUNDLE_LOADER = "$(TEST_HOST)";
				CODE_SIGN_STYLE = Automatic;
				CURRENT_PROJECT_VERSION = 1;
				DEVELOPMENT_TEAM = SRBQ5SCF5X;
				GENERATE_INFOPLIST_FILE = YES;
				IPHONEOS_DEPLOYMENT_TARGET = 15.2;
				MARKETING_VERSION = 1.0;
				PRODUCT_BUNDLE_IDENTIFIER = com.njligames.CombineDemoTests;
				PRODUCT_NAME = "$(TARGET_NAME)";
				SWIFT_EMIT_LOC_STRINGS = NO;
				SWIFT_VERSION = 5.0;
				TARGETED_DEVICE_FAMILY = "1,2";
				TEST_HOST = "$(BUILT_PRODUCTS_DIR)/CombineDemo.app/CombineDemo";
			};
			name = Release;
		};
		C1E7D48F28380AE20070591C /* Debug */ = {
			isa = XCBuildConfiguration;
			buildSettings = {
				ALWAYS_EMBED_SWIFT_STANDARD_LIBRARIES = YES;
				CODE_SIGN_STYLE = Automatic;
				CURRENT_PROJECT_VERSION = 1;
				DEVELOPMENT_TEAM = SRBQ5SCF5X;
				GENERATE_INFOPLIST_FILE = YES;
				MARKETING_VERSION = 1.0;
				PRODUCT_BUNDLE_IDENTIFIER = com.njligames.CombineDemoUITests;
				PRODUCT_NAME = "$(TARGET_NAME)";
				SWIFT_EMIT_LOC_STRINGS = NO;
				SWIFT_VERSION = 5.0;
				TARGETED_DEVICE_FAMILY = "1,2";
				TEST_TARGET_NAME = CombineDemo;
			};
			name = Debug;
		};
		C1E7D49028380AE20070591C /* Release */ = {
			isa = XCBuildConfiguration;
			buildSettings = {
				ALWAYS_EMBED_SWIFT_STANDARD_LIBRARIES = YES;
				CODE_SIGN_STYLE = Automatic;
				CURRENT_PROJECT_VERSION = 1;
				DEVELOPMENT_TEAM = SRBQ5SCF5X;
				GENERATE_INFOPLIST_FILE = YES;
				MARKETING_VERSION = 1.0;
				PRODUCT_BUNDLE_IDENTIFIER = com.njligames.CombineDemoUITests;
				PRODUCT_NAME = "$(TARGET_NAME)";
				SWIFT_EMIT_LOC_STRINGS = NO;
				SWIFT_VERSION = 5.0;
				TARGETED_DEVICE_FAMILY = "1,2";
				TEST_TARGET_NAME = CombineDemo;
			};
			name = Release;
		};
/* End XCBuildConfiguration section */

/* Begin XCConfigurationList section */
		C1E7D45F28380ADF0070591C /* Build configuration list for PBXProject "CombineDemo" */ = {
			isa = XCConfigurationList;
			buildConfigurations = (
				C1E7D48628380AE20070591C /* Debug */,
				C1E7D48728380AE20070591C /* Release */,
			);
			defaultConfigurationIsVisible = 0;
			defaultConfigurationName = Release;
		};
		C1E7D48828380AE20070591C /* Build configuration list for PBXNativeTarget "CombineDemo" */ = {
			isa = XCConfigurationList;
			buildConfigurations = (
				C1E7D48928380AE20070591C /* Debug */,
				C1E7D48A28380AE20070591C /* Release */,
			);
			defaultConfigurationIsVisible = 0;
			defaultConfigurationName = Release;
		};
		C1E7D48B28380AE20070591C /* Build configuration list for PBXNativeTarget "CombineDemoTests" */ = {
			isa = XCConfigurationList;
			buildConfigurations = (
				C1E7D48C28380AE20070591C /* Debug */,
				C1E7D48D28380AE20070591C /* Release */,
			);
			defaultConfigurationIsVisible = 0;
			defaultConfigurationName = Release;
		};
		C1E7D48E28380AE20070591C /* Build configuration list for PBXNativeTarget "CombineDemoUITests" */ = {
			isa = XCConfigurationList;
			buildConfigurations = (
				C1E7D48F28380AE20070591C /* Debug */,
				C1E7D49028380AE20070591C /* Release */,
			);
			defaultConfigurationIsVisible = 0;
			defaultConfigurationName = Release;
		};
/* End XCConfigurationList section */
	};
	rootObject = C1E7D45C28380ADF0070591C /* Project object */;
}
